// !$*UTF8*$!
{
	archiveVersion = 1;
	classes = {
	};
	objectVersion = 46;
	objects = {

/* Begin PBXBuildFile section */
		04118C931C45FD660042BC3A /* main.m in Sources */ = {isa = PBXBuildFile; fileRef = 04118C921C45FD660042BC3A /* main.m */; };
		04118C961C45FD660042BC3A /* AppDelegate.m in Sources */ = {isa = PBXBuildFile; fileRef = 04118C951C45FD660042BC3A /* AppDelegate.m */; };
		04118C991C45FD660042BC3A /* ViewController.m in Sources */ = {isa = PBXBuildFile; fileRef = 04118C981C45FD660042BC3A /* ViewController.m */; };
		04118C9C1C45FD660042BC3A /* Main.storyboard in Resources */ = {isa = PBXBuildFile; fileRef = 04118C9A1C45FD660042BC3A /* Main.storyboard */; };
		04118C9E1C45FD660042BC3A /* Assets.xcassets in Resources */ = {isa = PBXBuildFile; fileRef = 04118C9D1C45FD660042BC3A /* Assets.xcassets */; };
		04118CA11C45FD660042BC3A /* LaunchScreen.storyboard in Resources */ = {isa = PBXBuildFile; fileRef = 04118C9F1C45FD660042BC3A /* LaunchScreen.storyboard */; };
		04118CAC1C45FD660042BC3A /* GitHubCeshiTests.m in Sources */ = {isa = PBXBuildFile; fileRef = 04118CAB1C45FD660042BC3A /* GitHubCeshiTests.m */; };
		04118CB71C45FD660042BC3A /* GitHubCeshiUITests.m in Sources */ = {isa = PBXBuildFile; fileRef = 04118CB61C45FD660042BC3A /* GitHubCeshiUITests.m */; };
/* End PBXBuildFile section */

/* Begin PBXContainerItemProxy section */
		04118CA81C45FD660042BC3A /* PBXContainerItemProxy */ = {
			isa = PBXContainerItemProxy;
			containerPortal = 04118C861C45FD660042BC3A /* Project object */;
			proxyType = 1;
			remoteGlobalIDString = 04118C8D1C45FD660042BC3A;
			remoteInfo = GitHubCeshi;
		};
		04118CB31C45FD660042BC3A /* PBXContainerItemProxy */ = {
			isa = PBXContainerItemProxy;
			containerPortal = 04118C861C45FD660042BC3A /* Project object */;
			proxyType = 1;
			remoteGlobalIDString = 04118C8D1C45FD660042BC3A;
			remoteInfo = GitHubCeshi;
		};
/* End PBXContainerItemProxy section */

/* Begin PBXFileReference section */
		04118C8E1C45FD660042BC3A /* GitHubCeshi.app */ = {isa = PBXFileReference; explicitFileType = wrapper.application; includeInIndex = 0; path = GitHubCeshi.app; sourceTree = BUILT_PRODUCTS_DIR; };
		04118C921C45FD660042BC3A /* main.m */ = {isa = PBXFileReference; lastKnownFileType = sourcecode.c.objc; path = main.m; sourceTree = "<group>"; };
		04118C941C45FD660042BC3A /* AppDelegate.h */ = {isa = PBXFileReference; lastKnownFileType = sourcecode.c.h; path = AppDelegate.h; sourceTree = "<group>"; };
		04118C951C45FD660042BC3A /* AppDelegate.m */ = {isa = PBXFileReference; lastKnownFileType = sourcecode.c.objc; path = AppDelegate.m; sourceTree = "<group>"; };
		04118C971C45FD660042BC3A /* ViewController.h */ = {isa = PBXFileReference; lastKnownFileType = sourcecode.c.h; path = ViewController.h; sourceTree = "<group>"; };
		04118C981C45FD660042BC3A /* ViewController.m */ = {isa = PBXFileReference; lastKnownFileType = sourcecode.c.objc; path = ViewController.m; sourceTree = "<group>"; };
		04118C9B1C45FD660042BC3A /* Base */ = {isa = PBXFileReference; lastKnownFileType = file.storyboard; name = Base; path = Base.lproj/Main.storyboard; sourceTree = "<group>"; };
		04118C9D1C45FD660042BC3A /* Assets.xcassets */ = {isa = PBXFileReference; lastKnownFileType = folder.assetcatalog; path = Assets.xcassets; sourceTree = "<group>"; };
		04118CA01C45FD660042BC3A /* Base */ = {isa = PBXFileReference; lastKnownFileType = file.storyboard; name = Base; path = Base.lproj/LaunchScreen.storyboard; sourceTree = "<group>"; };
		04118CA21C45FD660042BC3A /* Info.plist */ = {isa = PBXFileReference; lastKnownFileType = text.plist.xml; path = Info.plist; sourceTree = "<group>"; };
		04118CA71C45FD660042BC3A /* GitHubCeshiTests.xctest */ = {isa = PBXFileReference; explicitFileType = wrapper.cfbundle; includeInIndex = 0; path = GitHubCeshiTests.xctest; sourceTree = BUILT_PRODUCTS_DIR; };
		04118CAB1C45FD660042BC3A /* GitHubCeshiTests.m */ = {isa = PBXFileReference; lastKnownFileType = sourcecode.c.objc; path = GitHubCeshiTests.m; sourceTree = "<group>"; };
		04118CAD1C45FD660042BC3A /* Info.plist */ = {isa = PBXFileReference; lastKnownFileType = text.plist.xml; path = Info.plist; sourceTree = "<group>"; };
		04118CB21C45FD660042BC3A /* GitHubCeshiUITests.xctest */ = {isa = PBXFileReference; explicitFileType = wrapper.cfbundle; includeInIndex = 0; path = GitHubCeshiUITests.xctest; sourceTree = BUILT_PRODUCTS_DIR; };
		04118CB61C45FD660042BC3A /* GitHubCeshiUITests.m */ = {isa = PBXFileReference; lastKnownFileType = sourcecode.c.objc; path = GitHubCeshiUITests.m; sourceTree = "<group>"; };
		04118CB81C45FD660042BC3A /* Info.plist */ = {isa = PBXFileReference; lastKnownFileType = text.plist.xml; path = Info.plist; sourceTree = "<group>"; };
/* End PBXFileReference section */

/* Begin PBXFrameworksBuildPhase section */
		04118C8B1C45FD660042BC3A /* Frameworks */ = {
			isa = PBXFrameworksBuildPhase;
			buildActionMask = 2147483647;
			files = (
			);
			runOnlyForDeploymentPostprocessing = 0;
		};
		04118CA41C45FD660042BC3A /* Frameworks */ = {
			isa = PBXFrameworksBuildPhase;
			buildActionMask = 2147483647;
			files = (
			);
			runOnlyForDeploymentPostprocessing = 0;
		};
		04118CAF1C45FD660042BC3A /* Frameworks */ = {
			isa = PBXFrameworksBuildPhase;
			buildActionMask = 2147483647;
			files = (
			);
			runOnlyForDeploymentPostprocessing = 0;
		};
/* End PBXFrameworksBuildPhase section */

/* Begin PBXGroup section */
		04118C851C45FD660042BC3A = {
			isa = PBXGroup;
			children = (
				04118C901C45FD660042BC3A /* GitHubCeshi */,
				04118CAA1C45FD660042BC3A /* GitHubCeshiTests */,
				04118CB51C45FD660042BC3A /* GitHubCeshiUITests */,
				04118C8F1C45FD660042BC3A /* Products */,
			);
			sourceTree = "<group>";
		};
		04118C8F1C45FD660042BC3A /* Products */ = {
			isa = PBXGroup;
			children = (
				04118C8E1C45FD660042BC3A /* GitHubCeshi.app */,
				04118CA71C45FD660042BC3A /* GitHubCeshiTests.xctest */,
				04118CB21C45FD660042BC3A /* GitHubCeshiUITests.xctest */,
			);
			name = Products;
			sourceTree = "<group>";
		};
		04118C901C45FD660042BC3A /* GitHubCeshi */ = {
			isa = PBXGroup;
			children = (
				04118C941C45FD660042BC3A /* AppDelegate.h */,
				04118C951C45FD660042BC3A /* AppDelegate.m */,
				04118C971C45FD660042BC3A /* ViewController.h */,
				04118C981C45FD660042BC3A /* ViewController.m */,
				04118C9A1C45FD660042BC3A /* Main.storyboard */,
				04118C9D1C45FD660042BC3A /* Assets.xcassets */,
				04118C9F1C45FD660042BC3A /* LaunchScreen.storyboard */,
				04118CA21C45FD660042BC3A /* Info.plist */,
				04118C911C45FD660042BC3A /* Supporting Files */,
			);
			path = GitHubCeshi;
			sourceTree = "<group>";
		};
		04118C911C45FD660042BC3A /* Supporting Files */ = {
			isa = PBXGroup;
			children = (
				04118C921C45FD660042BC3A /* main.m */,
			);
			name = "Supporting Files";
			sourceTree = "<group>";
		};
		04118CAA1C45FD660042BC3A /* GitHubCeshiTests */ = {
			isa = PBXGroup;
			children = (
				04118CAB1C45FD660042BC3A /* GitHubCeshiTests.m */,
				04118CAD1C45FD660042BC3A /* Info.plist */,
			);
			path = GitHubCeshiTests;
			sourceTree = "<group>";
		};
		04118CB51C45FD660042BC3A /* GitHubCeshiUITests */ = {
			isa = PBXGroup;
			children = (
				04118CB61C45FD660042BC3A /* GitHubCeshiUITests.m */,
				04118CB81C45FD660042BC3A /* Info.plist */,
			);
			path = GitHubCeshiUITests;
			sourceTree = "<group>";
		};
/* End PBXGroup section */

/* Begin PBXNativeTarget section */
		04118C8D1C45FD660042BC3A /* GitHubCeshi */ = {
			isa = PBXNativeTarget;
			buildConfigurationList = 04118CBB1C45FD660042BC3A /* Build configuration list for PBXNativeTarget "GitHubCeshi" */;
			buildPhases = (
				04118C8A1C45FD660042BC3A /* Sources */,
				04118C8B1C45FD660042BC3A /* Frameworks */,
				04118C8C1C45FD660042BC3A /* Resources */,
			);
			buildRules = (
			);
			dependencies = (
			);
			name = GitHubCeshi;
			productName = GitHubCeshi;
			productReference = 04118C8E1C45FD660042BC3A /* GitHubCeshi.app */;
			productType = "com.apple.product-type.application";
		};
		04118CA61C45FD660042BC3A /* GitHubCeshiTests */ = {
			isa = PBXNativeTarget;
			buildConfigurationList = 04118CBE1C45FD660042BC3A /* Build configuration list for PBXNativeTarget "GitHubCeshiTests" */;
			buildPhases = (
				04118CA31C45FD660042BC3A /* Sources */,
				04118CA41C45FD660042BC3A /* Frameworks */,
				04118CA51C45FD660042BC3A /* Resources */,
			);
			buildRules = (
			);
			dependencies = (
				04118CA91C45FD660042BC3A /* PBXTargetDependency */,
			);
			name = GitHubCeshiTests;
			productName = GitHubCeshiTests;
			productReference = 04118CA71C45FD660042BC3A /* GitHubCeshiTests.xctest */;
			productType = "com.apple.product-type.bundle.unit-test";
		};
		04118CB11C45FD660042BC3A /* GitHubCeshiUITests */ = {
			isa = PBXNativeTarget;
			buildConfigurationList = 04118CC11C45FD660042BC3A /* Build configuration list for PBXNativeTarget "GitHubCeshiUITests" */;
			buildPhases = (
				04118CAE1C45FD660042BC3A /* Sources */,
				04118CAF1C45FD660042BC3A /* Frameworks */,
				04118CB01C45FD660042BC3A /* Resources */,
			);
			buildRules = (
			);
			dependencies = (
				04118CB41C45FD660042BC3A /* PBXTargetDependency */,
			);
			name = GitHubCeshiUITests;
			productName = GitHubCeshiUITests;
			productReference = 04118CB21C45FD660042BC3A /* GitHubCeshiUITests.xctest */;
			productType = "com.apple.product-type.bundle.ui-testing";
		};
/* End PBXNativeTarget section */

/* Begin PBXProject section */
		04118C861C45FD660042BC3A /* Project object */ = {
			isa = PBXProject;
			attributes = {
				LastUpgradeCheck = 0710;
				ORGANIZATIONNAME = bjsxt;
				TargetAttributes = {
					04118C8D1C45FD660042BC3A = {
						CreatedOnToolsVersion = 7.1;
					};
					04118CA61C45FD660042BC3A = {
						CreatedOnToolsVersion = 7.1;
						TestTargetID = 04118C8D1C45FD660042BC3A;
					};
					04118CB11C45FD660042BC3A = {
						CreatedOnToolsVersion = 7.1;
						TestTargetID = 04118C8D1C45FD660042BC3A;
					};
				};
			};
			buildConfigurationList = 04118C891C45FD660042BC3A /* Build configuration list for PBXProject "GitHubCeshi" */;
			compatibilityVersion = "Xcode 3.2";
			developmentRegion = English;
			hasScannedForEncodings = 0;
			knownRegions = (
				en,
				Base,
			);
			mainGroup = 04118C851C45FD660042BC3A;
			productRefGroup = 04118C8F1C45FD660042BC3A /* Products */;
			projectDirPath = "";
			projectRoot = "";
			targets = (
				04118C8D1C45FD660042BC3A /* GitHubCeshi */,
				04118CA61C45FD660042BC3A /* GitHubCeshiTests */,
				04118CB11C45FD660042BC3A /* GitHubCeshiUITests */,
			);
		};
/* End PBXProject section */

/* Begin PBXResourcesBuildPhase section */
		04118C8C1C45FD660042BC3A /* Resources */ = {
			isa = PBXResourcesBuildPhase;
			buildActionMask = 2147483647;
			files = (
				04118CA11C45FD660042BC3A /* LaunchScreen.storyboard in Resources */,
				04118C9E1C45FD660042BC3A /* Assets.xcassets in Resources */,
				04118C9C1C45FD660042BC3A /* Main.storyboard in Resources */,
			);
			runOnlyForDeploymentPostprocessing = 0;
		};
		04118CA51C45FD660042BC3A /* Resources */ = {
			isa = PBXResourcesBuildPhase;
			buildActionMask = 2147483647;
			files = (
			);
			runOnlyForDeploymentPostprocessing = 0;
		};
		04118CB01C45FD660042BC3A /* Resources */ = {
			isa = PBXResourcesBuildPhase;
			buildActionMask = 2147483647;
			files = (
			);
			runOnlyForDeploymentPostprocessing = 0;
		};
/* End PBXResourcesBuildPhase section */

/* Begin PBXSourcesBuildPhase section */
		04118C8A1C45FD660042BC3A /* Sources */ = {
			isa = PBXSourcesBuildPhase;
			buildActionMask = 2147483647;
			files = (
				04118C991C45FD660042BC3A /* ViewController.m in Sources */,
				04118C961C45FD660042BC3A /* AppDelegate.m in Sources */,
				04118C931C45FD660042BC3A /* main.m in Sources */,
			);
			runOnlyForDeploymentPostprocessing = 0;
		};
		04118CA31C45FD660042BC3A /* Sources */ = {
			isa = PBXSourcesBuildPhase;
			buildActionMask = 2147483647;
			files = (
				04118CAC1C45FD660042BC3A /* GitHubCeshiTests.m in Sources */,
			);
			runOnlyForDeploymentPostprocessing = 0;
		};
		04118CAE1C45FD660042BC3A /* Sources */ = {
			isa = PBXSourcesBuildPhase;
			buildActionMask = 2147483647;
			files = (
				04118CB71C45FD660042BC3A /* GitHubCeshiUITests.m in Sources */,
			);
			runOnlyForDeploymentPostprocessing = 0;
		};
/* End PBXSourcesBuildPhase section */

/* Begin PBXTargetDependency section */
		04118CA91C45FD660042BC3A /* PBXTargetDependency */ = {
			isa = PBXTargetDependency;
			target = 04118C8D1C45FD660042BC3A /* GitHubCeshi */;
			targetProxy = 04118CA81C45FD660042BC3A /* PBXContainerItemProxy */;
		};
		04118CB41C45FD660042BC3A /* PBXTargetDependency */ = {
			isa = PBXTargetDependency;
			target = 04118C8D1C45FD660042BC3A /* GitHubCeshi */;
			targetProxy = 04118CB31C45FD660042BC3A /* PBXContainerItemProxy */;
		};
/* End PBXTargetDependency section */

/* Begin PBXVariantGroup section */
		04118C9A1C45FD660042BC3A /* Main.storyboard */ = {
			isa = PBXVariantGroup;
			children = (
				04118C9B1C45FD660042BC3A /* Base */,
			);
			name = Main.storyboard;
			sourceTree = "<group>";
		};
		04118C9F1C45FD660042BC3A /* LaunchScreen.storyboard */ = {
			isa = PBXVariantGroup;
			children = (
				04118CA01C45FD660042BC3A /* Base */,
			);
			name = LaunchScreen.storyboard;
			sourceTree = "<group>";
		};
/* End PBXVariantGroup section */

/* Begin XCBuildConfiguration section */
		04118CB91C45FD660042BC3A /* Debug */ = {
			isa = XCBuildConfiguration;
			buildSettings = {
				ALWAYS_SEARCH_USER_PATHS = NO;
				CLANG_CXX_LANGUAGE_STANDARD = "gnu++0x";
				CLANG_CXX_LIBRARY = "libc++";
				CLANG_ENABLE_MODULES = YES;
				CLANG_ENABLE_OBJC_ARC = YES;
				CLANG_WARN_BOOL_CONVERSION = YES;
				CLANG_WARN_CONSTANT_CONVERSION = YES;
				CLANG_WARN_DIRECT_OBJC_ISA_USAGE = YES_ERROR;
				CLANG_WARN_EMPTY_BODY = YES;
				CLANG_WARN_ENUM_CONVERSION = YES;
				CLANG_WARN_INT_CONVERSION = YES;
				CLANG_WARN_OBJC_ROOT_CLASS = YES_ERROR;
				CLANG_WARN_UNREACHABLE_CODE = YES;
				CLANG_WARN__DUPLICATE_METHOD_MATCH = YES;
				"CODE_SIGN_IDENTITY[sdk=iphoneos*]" = "iPhone Developer";
				COPY_PHASE_STRIP = NO;
				DEBUG_INFORMATION_FORMAT = dwarf;
				ENABLE_STRICT_OBJC_MSGSEND = YES;
				ENABLE_TESTABILITY = YES;
				GCC_C_LANGUAGE_STANDARD = gnu99;
				GCC_DYNAMIC_NO_PIC = NO;
				GCC_NO_COMMON_BLOCKS = YES;
				GCC_OPTIMIZATION_LEVEL = 0;
				GCC_PREPROCESSOR_DEFINITIONS = (
					"DEBUG=1",
					"$(inherited)",
				);
				GCC_WARN_64_TO_32_BIT_CONVERSION = YES;
				GCC_WARN_ABOUT_RETURN_TYPE = YES_ERROR;
				GCC_WARN_UNDECLARED_SELECTOR = YES;
				GCC_WARN_UNINITIALIZED_AUTOS = YES_AGGRESSIVE;
				GCC_WARN_UNUSED_FUNCTION = YES;
				GCC_WARN_UNUSED_VARIABLE = YES;
				IPHONEOS_DEPLOYMENT_TARGET = 9.1;
				MTL_ENABLE_DEBUG_INFO = YES;
				ONLY_ACTIVE_ARCH = YES;
				SDKROOT = iphoneos;
				TARGETED_DEVICE_FAMILY = "1,2";
			};
			name = Debug;
		};
		04118CBA1C45FD660042BC3A /* Release */ = {
			isa = XCBuildConfiguration;
			buildSettings = {
				ALWAYS_SEARCH_USER_PATHS = NO;
				CLANG_CXX_LANGUAGE_STANDARD = "gnu++0x";
				CLANG_CXX_LIBRARY = "libc++";
				CLANG_ENABLE_MODULES = YES;
				CLANG_ENABLE_OBJC_ARC = YES;
				CLANG_WARN_BOOL_CONVERSION = YES;
				CLANG_WARN_CONSTANT_CONVERSION = YES;
				CLANG_WARN_DIRECT_OBJC_ISA_USAGE = YES_ERROR;
				CLANG_WARN_EMPTY_BODY = YES;
				CLANG_WARN_ENUM_CONVERSION = YES;
				CLANG_WARN_INT_CONVERSION = YES;
				CLANG_WARN_OBJC_ROOT_CLASS = YES_ERROR;
				CLANG_WARN_UNREACHABLE_CODE = YES;
				CLANG_WARN__DUPLICATE_METHOD_MATCH = YES;
				"CODE_SIGN_IDENTITY[sdk=iphoneos*]" = "iPhone Developer";
				COPY_PHASE_STRIP = NO;
				DEBUG_INFORMATION_FORMAT = "dwarf-with-dsym";
				ENABLE_NS_ASSERTIONS = NO;
				ENABLE_STRICT_OBJC_MSGSEND = YES;
				GCC_C_LANGUAGE_STANDARD = gnu99;
				GCC_NO_COMMON_BLOCKS = YES;
				GCC_WARN_64_TO_32_BIT_CONVERSION = YES;
				GCC_WARN_ABOUT_RETURN_TYPE = YES_ERROR;
				GCC_WARN_UNDECLARED_SELECTOR = YES;
				GCC_WARN_UNINITIALIZED_AUTOS = YES_AGGRESSIVE;
				GCC_WARN_UNUSED_FUNCTION = YES;
				GCC_WARN_UNUSED_VARIABLE = YES;
				IPHONEOS_DEPLOYMENT_TARGET = 9.1;
				MTL_ENABLE_DEBUG_INFO = NO;
				SDKROOT = iphoneos;
				TARGETED_DEVICE_FAMILY = "1,2";
				VALIDATE_PRODUCT = YES;
			};
			name = Release;
		};
		04118CBC1C45FD660042BC3A /* Debug */ = {
			isa = XCBuildConfiguration;
			buildSettings = {
				ASSETCATALOG_COMPILER_APPICON_NAME = AppIcon;
				INFOPLIST_FILE = GitHubCeshi/Info.plist;
				LD_RUNPATH_SEARCH_PATHS = "$(inherited) @executable_path/Frameworks";
				PRODUCT_BUNDLE_IDENTIFIER = com.bjsxt.GitHubCeshi;
				PRODUCT_NAME = "$(TARGET_NAME)";
			};
			name = Debug;
		};
		04118CBD1C45FD660042BC3A /* Release */ = {
			isa = XCBuildConfiguration;
			buildSettings = {
				ASSETCATALOG_COMPILER_APPICON_NAME = AppIcon;
				INFOPLIST_FILE = GitHubCeshi/Info.plist;
				LD_RUNPATH_SEARCH_PATHS = "$(inherited) @executable_path/Frameworks";
				PRODUCT_BUNDLE_IDENTIFIER = com.bjsxt.GitHubCeshi;
				PRODUCT_NAME = "$(TARGET_NAME)";
			};
			name = Release;
		};
		04118CBF1C45FD660042BC3A /* Debug */ = {
			isa = XCBuildConfiguration;
			buildSettings = {
				BUNDLE_LOADER = "$(TEST_HOST)";
				INFOPLIST_FILE = GitHubCeshiTests/Info.plist;
				LD_RUNPATH_SEARCH_PATHS = "$(inherited) @executable_path/Frameworks @loader_path/Frameworks";
				PRODUCT_BUNDLE_IDENTIFIER = com.bjsxt.GitHubCeshiTests;
				PRODUCT_NAME = "$(TARGET_NAME)";
				TEST_HOST = "$(BUILT_PRODUCTS_DIR)/GitHubCeshi.app/GitHubCeshi";
			};
			name = Debug;
		};
		04118CC01C45FD660042BC3A /* Release */ = {
			isa = XCBuildConfiguration;
			buildSettings = {
				BUNDLE_LOADER = "$(TEST_HOST)";
				INFOPLIST_FILE = GitHubCeshiTests/Info.plist;
				LD_RUNPATH_SEARCH_PATHS = "$(inherited) @executable_path/Frameworks @loader_path/Frameworks";
				PRODUCT_BUNDLE_IDENTIFIER = com.bjsxt.GitHubCeshiTests;
				PRODUCT_NAME = "$(TARGET_NAME)";
				TEST_HOST = "$(BUILT_PRODUCTS_DIR)/GitHubCeshi.app/GitHubCeshi";
			};
			name = Release;
		};
		04118CC21C45FD660042BC3A /* Debug */ = {
			isa = XCBuildConfiguration;
			buildSettings = {
				INFOPLIST_FILE = GitHubCeshiUITests/Info.plist;
				LD_RUNPATH_SEARCH_PATHS = "$(inherited) @executable_path/Frameworks @loader_path/Frameworks";
				PRODUCT_BUNDLE_IDENTIFIER = com.bjsxt.GitHubCeshiUITests;
				PRODUCT_NAME = "$(TARGET_NAME)";
				TEST_TARGET_NAME = GitHubCeshi;
				USES_XCTRUNNER = YES;
			};
			name = Debug;
		};
		04118CC31C45FD660042BC3A /* Release */ = {
			isa = XCBuildConfiguration;
			buildSettings = {
				INFOPLIST_FILE = GitHubCeshiUITests/Info.plist;
				LD_RUNPATH_SEARCH_PATHS = "$(inherited) @executable_path/Frameworks @loader_path/Frameworks";
				PRODUCT_BUNDLE_IDENTIFIER = com.bjsxt.GitHubCeshiUITests;
				PRODUCT_NAME = "$(TARGET_NAME)";
				TEST_TARGET_NAME = GitHubCeshi;
				USES_XCTRUNNER = YES;
			};
			name = Release;
		};
/* End XCBuildConfiguration section */

/* Begin XCConfigurationList section */
		04118C891C45FD660042BC3A /* Build configuration list for PBXProject "GitHubCeshi" */ = {
			isa = XCConfigurationList;
			buildConfigurations = (
				04118CB91C45FD660042BC3A /* Debug */,
				04118CBA1C45FD660042BC3A /* Release */,
			);
			defaultConfigurationIsVisible = 0;
			defaultConfigurationName = Release;
		};
		04118CBB1C45FD660042BC3A /* Build configuration list for PBXNativeTarget "GitHubCeshi" */ = {
			isa = XCConfigurationList;
			buildConfigurations = (
				04118CBC1C45FD660042BC3A /* Debug */,
				04118CBD1C45FD660042BC3A /* Release */,
			);
			defaultConfigurationIsVisible = 0;
		};
		04118CBE1C45FD660042BC3A /* Build configuration list for PBXNativeTarget "GitHubCeshiTests" */ = {
			isa = XCConfigurationList;
			buildConfigurations = (
				04118CBF1C45FD660042BC3A /* Debug */,
				04118CC01C45FD660042BC3A /* Release */,
			);
			defaultConfigurationIsVisible = 0;
		};
		04118CC11C45FD660042BC3A /* Build configuration list for PBXNativeTarget "GitHubCeshiUITests" */ = {
			isa = XCConfigurationList;
			buildConfigurations = (
				04118CC21C45FD660042BC3A /* Debug */,
				04118CC31C45FD660042BC3A /* Release */,
			);
			defaultConfigurationIsVisible = 0;
		};
/* End XCConfigurationList section */
	};
	rootObject = 04118C861C45FD660042BC3A /* Project object */;
}
